{
  "requires": true,
  "lockfileVersion": 1,
  "dependencies": {
    "@nodeguy/channel": {
      "version": "0.6.3",
      "resolved": "https://registry.npmjs.org/@nodeguy/channel/-/channel-0.6.3.tgz",
      "integrity": "sha512-imt6l5wMkJgZG/dhqfIzOMISsHsgDQNRu8VTHz+7oj6mEiboxp8kg9XHwAbtzwXqHBD3qJZthFvXibJVs8Qc1w==",
      "requires": {
        "setimmediate": "1.0.5"
      }
    },
    "nodejs-websocket": {
      "version": "1.7.1",
      "resolved": "https://registry.npmjs.org/nodejs-websocket/-/nodejs-websocket-1.7.1.tgz",
      "integrity": "sha1-zM+7qCO/HPqWgPFoq3q1MSHkhBA="
    },
    "setimmediate": {
      "version": "1.0.5",
      "resolved": "https://registry.npmjs.org/setimmediate/-/setimmediate-1.0.5.tgz",
      "integrity": "sha1-KQy7Iy4waULX1+qbg3Mqt4VvgoU="
    }
  }
}
